### YamlMime:TSTypeAlias
name: AcquireStorageAccountLock
uid: '@azure/arm-recoveryservicesbackup.AcquireStorageAccountLock'
package: '@azure/arm-recoveryservicesbackup'
summary: >-
  Defines values for AcquireStorageAccountLock. \

  [KnownAcquireStorageAccountLock](xref:@azure/arm-recoveryservicesbackup.KnownAcquireStorageAccountLock)
  can be used interchangeably with AcquireStorageAccountLock,
   this enum contains the known values that the service supports.
  ### Known values supported by the service

  **Acquire** \

  **NotAcquire**
fullName: AcquireStorageAccountLock
remarks: ''
isDeprecated: false
syntax: |
  type AcquireStorageAccountLock = string
