### YamlMime:UniversalReference
items:
  - uid: '@azure/storage-blob.Block'
    name: Block
    fullName: Block
    children:
      - '@azure/storage-blob.Block.name'
      - '@azure/storage-blob.Block.size'
    langs:
      - typeScript
    type: interface
    summary: ''
    package: '@azure/storage-blob'
  - uid: '@azure/storage-blob.Block.name'
    name: name
    fullName: name
    children: []
    langs:
      - typeScript
    type: property
    summary: ''
    syntax:
      content: 'name: string'
      return:
        type:
          - string
    package: '@azure/storage-blob'
  - uid: '@azure/storage-blob.Block.size'
    name: size
    fullName: size
    children: []
    langs:
      - typeScript
    type: property
    summary: ''
    syntax:
      content: 'size: number'
      return:
        type:
          - number
    package: '@azure/storage-blob'
