### YamlMime:TSType
name: Block
uid: '@azure/storage-blob.Block'
package: '@azure/storage-blob'
summary: >-
  Represents a single block in a block blob.  It describes the block's ID and
  size.
fullName: Block
remarks: ''
isPreview: false
isDeprecated: false
type: interface
properties:
  - name: name
    uid: '@azure/storage-blob.Block.name'
    package: '@azure/storage-blob'
    summary: The base64 encoded block ID.
    fullName: name
    remarks: ''
    isPreview: false
    isDeprecated: false
    syntax:
      content: 'name: string'
      return:
        type: string
        description: ''
  - name: size
    uid: '@azure/storage-blob.Block.size'
    package: '@azure/storage-blob'
    summary: The block size in bytes.
    fullName: size
    remarks: ''
    isPreview: false
    isDeprecated: false
    syntax:
      content: 'size: number'
      return:
        type: number
        description: ''
