### YamlMime:TSEnum
name: KnownAcquireStorageAccountLock
uid: '@azure/arm-recoveryservicesbackup.KnownAcquireStorageAccountLock'
package: '@azure/arm-recoveryservicesbackup'
summary: >-
  Known values of
  [AcquireStorageAccountLock](xref:@azure/arm-recoveryservicesbackup.AcquireStorageAccountLock)
  that the service accepts.
fullName: KnownAcquireStorageAccountLock
remarks: ''
isDeprecated: false
fields:
  - name: Acquire
    uid: '@azure/arm-recoveryservicesbackup.KnownAcquireStorageAccountLock.Acquire'
    package: '@azure/arm-recoveryservicesbackup'
    summary: Acquire
  - name: NotAcquire
    uid: >-
      @azure/arm-recoveryservicesbackup.KnownAcquireStorageAccountLock.NotAcquire
    package: '@azure/arm-recoveryservicesbackup'
    summary: NotAcquire
