### YamlMime:TSType
name: ScriptActivityScriptBlock
uid: '@azure/synapse-artifacts.ScriptActivityScriptBlock'
package: '@azure/synapse-artifacts'
summary: Script block of scripts.
fullName: ScriptActivityScriptBlock
remarks: ''
isDeprecated: false
type: interface
properties:
  - name: parameters
    uid: '@azure/synapse-artifacts.ScriptActivityScriptBlock.parameters'
    package: '@azure/synapse-artifacts'
    summary: 'Array of script parameters. Type: array.'
    fullName: parameters
    remarks: ''
    isDeprecated: false
    syntax:
      content: 'parameters?: ScriptActivityParameter[]'
      return:
        description: ''
        type: '<xref uid="@azure/synapse-artifacts.ScriptActivityParameter" />[]'
  - name: text
    uid: '@azure/synapse-artifacts.ScriptActivityScriptBlock.text'
    package: '@azure/synapse-artifacts'
    summary: 'The query text. Type: string (or Expression with resultType string).'
    fullName: text
    remarks: ''
    isDeprecated: false
    syntax:
      content: 'text: any'
      return:
        description: ''
        type: any
  - name: type
    uid: '@azure/synapse-artifacts.ScriptActivityScriptBlock.type'
    package: '@azure/synapse-artifacts'
    summary: 'The type of the query. Type: string.'
    fullName: type
    remarks: ''
    isDeprecated: false
    syntax:
      content: 'type: ScriptType'
      return:
        description: ''
        type: <xref uid="@azure/synapse-artifacts.ScriptType" />
