### YamlMime:UniversalReference
items:
  - uid: az-blob-temp.Block
    name: Block
    fullName: Block
    children:
      - az-blob-temp.Block.name
      - az-blob-temp.Block.size
    langs:
      - typeScript
    type: interface
    summary: ''
    package: az-blob-temp
  - uid: az-blob-temp.Block.name
    name: name
    fullName: name
    children: []
    langs:
      - typeScript
    type: property
    summary: ''
    syntax:
      content: 'name: string'
      return:
        type:
          - string
    package: az-blob-temp
  - uid: az-blob-temp.Block.size
    name: size
    fullName: size
    children: []
    langs:
      - typeScript
    type: property
    summary: ''
    syntax:
      content: 'size: number'
      return:
        type:
          - number
    package: az-blob-temp
