### YamlMime:TSType
name: Block
uid: azure-storage.azurestorage.services.blob.blobservice.BlobService.Block
package: azure-storage
summary: ''
fullName: Block
remarks: ''
isPreview: false
isDeprecated: false
type: interface
properties:
  - name: Name
    uid: >-
      azure-storage.azurestorage.services.blob.blobservice.BlobService.Block.Name
    package: azure-storage
    summary: ''
    fullName: Name
    remarks: ''
    isPreview: false
    isDeprecated: false
    syntax:
      content: 'Name?: string'
      return:
        type: string
        description: ''
  - name: Size
    uid: >-
      azure-storage.azurestorage.services.blob.blobservice.BlobService.Block.Size
    package: azure-storage
    summary: ''
    fullName: Size
    remarks: ''
    isPreview: false
    isDeprecated: false
    syntax:
      content: 'Size?: string'
      return:
        type: string
        description: ''
