### YamlMime:TSType
name: MessageInputImageUrlBlock
uid: '@azure/ai-agents.MessageInputImageUrlBlock'
package: '@azure/ai-agents'
summary: An image-URL block in a new message, referencing an external image by URL.
fullName: MessageInputImageUrlBlock
remarks: ''
isDeprecated: false
type: interface
properties:
  - name: imageUrl
    uid: '@azure/ai-agents.MessageInputImageUrlBlock.imageUrl'
    package: '@azure/ai-agents'
    summary: >-
      Information about the external image URL, including the URL and optional
      detail level.
    fullName: imageUrl
    remarks: ''
    isDeprecated: false
    syntax:
      content: 'imageUrl: MessageImageUrlParam'
      return:
        description: ''
        type: <xref uid="@azure/ai-agents.MessageImageUrlParam" />
  - name: type
    uid: '@azure/ai-agents.MessageInputImageUrlBlock.type'
    package: '@azure/ai-agents'
    summary: Must be 'image_url' for an externally hosted image block.
    fullName: type
    remarks: ''
    isDeprecated: false
    syntax:
      content: 'type: "image_url"'
      return:
        description: ''
        type: '"image_url"'
extends: <xref uid="@azure/ai-agents.MessageInputContentBlock" />
