### YamlMime:TSType
name: MessageInputContentBlock
uid: '@azure/ai-agents.MessageInputContentBlock'
package: '@azure/ai-agents'
summary: >-
  Defines a single content block when creating a message. The 'type' field
  determines whether it is text, an image file, or an external image URL, etc.
fullName: MessageInputContentBlock
remarks: ''
isDeprecated: false
type: interface
properties:
  - name: type
    uid: '@azure/ai-agents.MessageInputContentBlock.type'
    package: '@azure/ai-agents'
    summary: 'The discriminator possible values: text, image_file, image_url'
    fullName: type
    remarks: ''
    isDeprecated: false
    syntax:
      content: 'type: MessageBlockType'
      return:
        description: ''
        type: <xref uid="@azure/ai-agents.MessageBlockType" />
