### YamlMime:TSType
name: ScriptActivityScriptBlock
uid: '@azure/arm-datafactory.ScriptActivityScriptBlock'
package: '@azure/arm-datafactory'
summary: Script block of scripts.
fullName: ScriptActivityScriptBlock
remarks: ''
isDeprecated: false
type: interface
properties:
  - name: parameters
    uid: '@azure/arm-datafactory.ScriptActivityScriptBlock.parameters'
    package: '@azure/arm-datafactory'
    summary: 'Array of script parameters. Type: array.'
    fullName: parameters
    remarks: ''
    isDeprecated: false
    syntax:
      content: 'parameters?: ScriptActivityParameter[]'
      return:
        description: ''
        type: <xref uid="@azure/arm-datafactory.ScriptActivityParameter" />[]
  - name: text
    uid: '@azure/arm-datafactory.ScriptActivityScriptBlock.text'
    package: '@azure/arm-datafactory'
    summary: 'The query text. Type: string (or Expression with resultType string).'
    fullName: text
    remarks: ''
    isDeprecated: false
    syntax:
      content: 'text: any'
      return:
        description: ''
        type: any
  - name: type
    uid: '@azure/arm-datafactory.ScriptActivityScriptBlock.type'
    package: '@azure/arm-datafactory'
    summary: >-
      The type of the query. Please refer to the ScriptType for valid options.
      Type: string (or Expression with resultType string).
    fullName: type
    remarks: ''
    isDeprecated: false
    syntax:
      content: 'type: any'
      return:
        description: ''
        type: any
