### YamlMime:TSType
name: MessageInputImageFileBlock
uid: '@azure/ai-agents.MessageInputImageFileBlock'
package: '@azure/ai-agents'
summary: >-
  An image-file block in a new message, referencing an internally uploaded image
  by file ID.
fullName: MessageInputImageFileBlock
remarks: ''
isDeprecated: false
type: interface
properties:
  - name: imageFile
    uid: '@azure/ai-agents.MessageInputImageFileBlock.imageFile'
    package: '@azure/ai-agents'
    summary: >-
      Information about the referenced image file, including file ID and
      optional detail level.
    fullName: imageFile
    remarks: ''
    isDeprecated: false
    syntax:
      content: 'imageFile: MessageImageFileParam'
      return:
        description: ''
        type: <xref uid="@azure/ai-agents.MessageImageFileParam" />
  - name: type
    uid: '@azure/ai-agents.MessageInputImageFileBlock.type'
    package: '@azure/ai-agents'
    summary: Must be 'image_file' for an internally uploaded image block.
    fullName: type
    remarks: ''
    isDeprecated: false
    syntax:
      content: 'type: "image_file"'
      return:
        description: ''
        type: '"image_file"'
extends: <xref uid="@azure/ai-agents.MessageInputContentBlock" />
