### YamlMime:UniversalReference
items:
  - uid: '@azure/storage-blob.Block'
    name: Block
    fullName: Block
    children:
      - '@azure/storage-blob.Block.name'
      - '@azure/storage-blob.Block.size'
    langs:
      - typeScript
    type: interface
    summary: >-
      Represents a single block in a block blob.  It describes the block's ID
      and size.
    package: '@azure/storage-blob'
  - uid: '@azure/storage-blob.Block.name'
    name: name
    fullName: name
    children: []
    langs:
      - typeScript
    type: property
    summary: The base64 encoded block ID.
    syntax:
      content: 'name: string'
      return:
        type:
          - string
        description: ''
    package: '@azure/storage-blob'
  - uid: '@azure/storage-blob.Block.size'
    name: size
    fullName: size
    children: []
    langs:
      - typeScript
    type: property
    summary: The block size in bytes.
    syntax:
      content: 'size: number'
      return:
        type:
          - number
        description: ''
    package: '@azure/storage-blob'
