### YamlMime:UniversalReference
items:
  - uid: azure-event-processor-host.getNewAsyncLock
    name: getNewAsyncLock
    children: []
    type: function
    langs:
      - typeScript
    summary: Gets a new instance of the async lock with desired settings.
    syntax:
      content: 'function getNewAsyncLock(options?: AsyncLockOptions)'
      parameters:
        - id: options
          type:
            - azure-event-processor-host.AsyncLockOptions
          description: ''
          optional: true
      return:
        type:
          - AsyncLock
references:
  - uid: azure-event-processor-host.AsyncLockOptions
    spec.typeScript:
      - name: AsyncLockOptions
        fullName: AsyncLockOptions
        uid: azure-event-processor-host.AsyncLockOptions
